
Microsoft Visual Studio Solution File, Format Version 12.00
# Visual Studio Version 17
VisualStudioVersion = 17.2.32602.215
MinimumVisualStudioVersion = 10.0.40219.1
Project("{8BC9CEB8-8B4A-11D0-8D11-00A0C91BC942}") = "SAOD1", "SAOD1.vcxproj", "{3218AAC6-6F0B-4134-8B8C-BDCF74CA06DE}"
EndProject
Global
	GlobalSection(SolutionConfigurationPlatforms) = preSolution
		Debug|x64 = Debug|x64
		Debug|x86 = Debug|x86
		Release|x64 = Release|x64
		Release|x86 = Release|x86
	EndGlobalSection
	GlobalSection(ProjectConfigurationPlatforms) = postSolution
		{3218AAC6-6F0B-4134-8B8C-BDCF74CA06DE}.Debug|x64.ActiveCfg = Debug|x64
		{3218AAC6-6F0B-4134-8B8C-BDCF74CA06DE}.Debug|x64.Build.0 = Debug|x64
		{3218AAC6-6F0B-4134-8B8C-BDCF74CA06DE}.Debug|x86.ActiveCfg = Debug|Win32
		{3218AAC6-6F0B-4134-8B8C-BDCF74CA06DE}.Debug|x86.Build.0 = Debug|Win32
		{3218AAC6-6F0B-4134-8B8C-BDCF74CA06DE}.Release|x64.ActiveCfg = Release|x64
		{3218AAC6-6F0B-4134-8B8C-BDCF74CA06DE}.Release|x64.Build.0 = Release|x64
		{3218AAC6-6F0B-4134-8B8C-BDCF74CA06DE}.Release|x86.ActiveCfg = Release|Win32
		{3218AAC6-6F0B-4134-8B8C-BDCF74CA06DE}.Release|x86.Build.0 = Release|Win32
	EndGlobalSection
	GlobalSection(SolutionProperties) = preSolution
		HideSolutionNode = FALSE
	EndGlobalSection
	GlobalSection(ExtensibilityGlobals) = postSolution
		SolutionGuid = {21EABC4A-A4B4-4659-A908-970518B8FCDD}
	EndGlobalSection
EndGlobal
