
Microsoft Visual Studio Solution File, Format Version 12.00
# Visual Studio Version 17
VisualStudioVersion = 17.5.33530.505
MinimumVisualStudioVersion = 10.0.40219.1
Project("{FAE04EC0-301F-11D3-BF4B-00C04F79EFBC}") = "SecondProg", "SecondProg.csproj", "{8D1EC505-DB18-4EB8-813B-1FCED09206D0}"
EndProject
Global
	GlobalSection(SolutionConfigurationPlatforms) = preSolution
		Debug|Any CPU = Debug|Any CPU
		Release|Any CPU = Release|Any CPU
	EndGlobalSection
	GlobalSection(ProjectConfigurationPlatforms) = postSolution
		{8D1EC505-DB18-4EB8-813B-1FCED09206D0}.Debug|Any CPU.ActiveCfg = Debug|Any CPU
		{8D1EC505-DB18-4EB8-813B-1FCED09206D0}.Debug|Any CPU.Build.0 = Debug|Any CPU
		{8D1EC505-DB18-4EB8-813B-1FCED09206D0}.Release|Any CPU.ActiveCfg = Release|Any CPU
		{8D1EC505-DB18-4EB8-813B-1FCED09206D0}.Release|Any CPU.Build.0 = Release|Any CPU
	EndGlobalSection
	GlobalSection(SolutionProperties) = preSolution
		HideSolutionNode = FALSE
	EndGlobalSection
	GlobalSection(ExtensibilityGlobals) = postSolution
		SolutionGuid = {0847DA85-5B20-4273-8B8A-5DF10E04E7B0}
	EndGlobalSection
EndGlobal
