
Microsoft Visual Studio Solution File, Format Version 12.00
# Visual Studio Version 17
VisualStudioVersion = 17.2.32602.215
MinimumVisualStudioVersion = 10.0.40219.1
Project("{FAE04EC0-301F-11D3-BF4B-00C04F79EFBC}") = "saod3", "saod3.csproj", "{939BD2FF-EA8E-46F0-B26A-DEE8193E9905}"
EndProject
Global
	GlobalSection(SolutionConfigurationPlatforms) = preSolution
		Debug|Any CPU = Debug|Any CPU
		Release|Any CPU = Release|Any CPU
	EndGlobalSection
	GlobalSection(ProjectConfigurationPlatforms) = postSolution
		{939BD2FF-EA8E-46F0-B26A-DEE8193E9905}.Debug|Any CPU.ActiveCfg = Debug|Any CPU
		{939BD2FF-EA8E-46F0-B26A-DEE8193E9905}.Debug|Any CPU.Build.0 = Debug|Any CPU
		{939BD2FF-EA8E-46F0-B26A-DEE8193E9905}.Release|Any CPU.ActiveCfg = Release|Any CPU
		{939BD2FF-EA8E-46F0-B26A-DEE8193E9905}.Release|Any CPU.Build.0 = Release|Any CPU
	EndGlobalSection
	GlobalSection(SolutionProperties) = preSolution
		HideSolutionNode = FALSE
	EndGlobalSection
	GlobalSection(ExtensibilityGlobals) = postSolution
		SolutionGuid = {AD4BAF04-0B57-4A0F-9BC4-B6EF41ACD1BE}
	EndGlobalSection
EndGlobal
